
Microsoft Visual Studio Solution File, Format Version 12.00
# Visual Studio Version 17
VisualStudioVersion = 17.5.002.0
MinimumVisualStudioVersion = 10.0.40219.1
Project("{9A19103F-16F7-4668-BE54-9A1E7A4F7556}") = "DotnetApi", "DotnetApi\DotnetApi.csproj", "{7B115B77-D7D9-4625-944A-787F8C1C507B}"
EndProject
Global
	GlobalSection(SolutionConfigurationPlatforms) = preSolution
		Debug|Any CPU = Debug|Any CPU
		Release|Any CPU = Release|Any CPU
	EndGlobalSection
	GlobalSection(ProjectConfigurationPlatforms) = postSolution
		{7B115B77-D7D9-4625-944A-787F8C1C507B}.Debug|Any CPU.ActiveCfg = Debug|Any CPU
		{7B115B77-D7D9-4625-944A-787F8C1C507B}.Debug|Any CPU.Build.0 = Debug|Any CPU
		{7B115B77-D7D9-4625-944A-787F8C1C507B}.Release|Any CPU.ActiveCfg = Release|Any CPU
		{7B115B77-D7D9-4625-944A-787F8C1C507B}.Release|Any CPU.Build.0 = Release|Any CPU
	EndGlobalSection
	GlobalSection(SolutionProperties) = preSolution
		HideSolutionNode = FALSE
	EndGlobalSection
	GlobalSection(ExtensibilityGlobals) = postSolution
		SolutionGuid = {73670942-27AF-4A24-B114-DD0E85EF2044}
	EndGlobalSection
EndGlobal
